
Microsoft Visual Studio Solution File, Format Version 12.00
# Visual Studio Version 16
VisualStudioVersion = 16.0.29503.13
MinimumVisualStudioVersion = 10.0.40219.1
Project("{FAE04EC0-301F-11D3-BF4B-00C04F79EFBC}") = "ExpressionHelper", "ExpressionHelper\ExpressionHelper.csproj", "{502A63C6-0B07-4B0A-B892-4D7C51157E72}"
EndProject
Global
	GlobalSection(SolutionConfigurationPlatforms) = preSolution
		Debug|Any CPU = Debug|Any CPU
		Release|Any CPU = Release|Any CPU
	EndGlobalSection
	GlobalSection(ProjectConfigurationPlatforms) = postSolution
		{502A63C6-0B07-4B0A-B892-4D7C51157E72}.Debug|Any CPU.ActiveCfg = Debug|Any CPU
		{502A63C6-0B07-4B0A-B892-4D7C51157E72}.Debug|Any CPU.Build.0 = Debug|Any CPU
		{502A63C6-0B07-4B0A-B892-4D7C51157E72}.Release|Any CPU.ActiveCfg = Release|Any CPU
		{502A63C6-0B07-4B0A-B892-4D7C51157E72}.Release|Any CPU.Build.0 = Release|Any CPU
	EndGlobalSection
	GlobalSection(SolutionProperties) = preSolution
		HideSolutionNode = FALSE
	EndGlobalSection
	GlobalSection(ExtensibilityGlobals) = postSolution
		SolutionGuid = {ADDEA4CA-2F15-4BB2-9A92-4A05B78A9B11}
	EndGlobalSection
EndGlobal
